// !$*UTF8*$!
{
	archiveVersion = 1;
	classes = {
	};
	objectVersion = 46;
	objects = {

/* Begin PBXBuildFile section */
		42163FBE1BCA34DE001EBDC7 /* HTTPGetAdvertismentJson.swift in Sources */ = {isa = PBXBuildFile; fileRef = 42163FB51BCA34DE001EBDC7 /* HTTPGetAdvertismentJson.swift */; };
		42163FBF1BCA34DE001EBDC7 /* HTTPGetAreaJson.swift in Sources */ = {isa = PBXBuildFile; fileRef = 42163FB61BCA34DE001EBDC7 /* HTTPGetAreaJson.swift */; };
		42163FC01BCA34DE001EBDC7 /* HTTPGetBooMarkJson.swift in Sources */ = {isa = PBXBuildFile; fileRef = 42163FB71BCA34DE001EBDC7 /* HTTPGetBooMarkJson.swift */; };
		42163FC11BCA34DE001EBDC7 /* HTTPGetBussinessJson.swift in Sources */ = {isa = PBXBuildFile; fileRef = 42163FB81BCA34DE001EBDC7 /* HTTPGetBussinessJson.swift */; };
		42163FC21BCA34DE001EBDC7 /* HTTPGetCityJson.swift in Sources */ = {isa = PBXBuildFile; fileRef = 42163FB91BCA34DE001EBDC7 /* HTTPGetCityJson.swift */; };
		42163FC31BCA34DE001EBDC7 /* HTTPGetCollectionJson.swift in Sources */ = {isa = PBXBuildFile; fileRef = 42163FBA1BCA34DE001EBDC7 /* HTTPGetCollectionJson.swift */; };
		42163FC41BCA34DE001EBDC7 /* HTTPGetFieldActivityJson.swift in Sources */ = {isa = PBXBuildFile; fileRef = 42163FBB1BCA34DE001EBDC7 /* HTTPGetFieldActivityJson.swift */; };
		42163FC51BCA34DE001EBDC7 /* HTTPGetOpinionJson.swift in Sources */ = {isa = PBXBuildFile; fileRef = 42163FBC1BCA34DE001EBDC7 /* HTTPGetOpinionJson.swift */; };
		42163FC61BCA34DE001EBDC7 /* HTTPGetSubsetJson.swift in Sources */ = {isa = PBXBuildFile; fileRef = 42163FBD1BCA34DE001EBDC7 /* HTTPGetSubsetJson.swift */; };
		42163FD31BCA3568001EBDC7 /* AddDataBase.swift in Sources */ = {isa = PBXBuildFile; fileRef = 42163FC91BCA3568001EBDC7 /* AddDataBase.swift */; };
		42163FD41BCA3568001EBDC7 /* DataBase.swift in Sources */ = {isa = PBXBuildFile; fileRef = 42163FCA1BCA3568001EBDC7 /* DataBase.swift */; };
		42163FD51BCA3568001EBDC7 /* DateTime.swift in Sources */ = {isa = PBXBuildFile; fileRef = 42163FCB1BCA3568001EBDC7 /* DateTime.swift */; };
		42163FD61BCA3568001EBDC7 /* DeleteDataBase.swift in Sources */ = {isa = PBXBuildFile; fileRef = 42163FCC1BCA3568001EBDC7 /* DeleteDataBase.swift */; };
		42163FD71BCA3568001EBDC7 /* FieldClass.swift in Sources */ = {isa = PBXBuildFile; fileRef = 42163FCD1BCA3568001EBDC7 /* FieldClass.swift */; };
		42163FD81BCA3568001EBDC7 /* FieldDataBase.swift in Sources */ = {isa = PBXBuildFile; fileRef = 42163FCE1BCA3568001EBDC7 /* FieldDataBase.swift */; };
		42163FD91BCA3568001EBDC7 /* FieldDataBusiness.swift in Sources */ = {isa = PBXBuildFile; fileRef = 42163FCF1BCA3568001EBDC7 /* FieldDataBusiness.swift */; };
		42163FDA1BCA3568001EBDC7 /* File.swift in Sources */ = {isa = PBXBuildFile; fileRef = 42163FD01BCA3568001EBDC7 /* File.swift */; };
		42163FDB1BCA3568001EBDC7 /* QUERY.swift in Sources */ = {isa = PBXBuildFile; fileRef = 42163FD11BCA3568001EBDC7 /* QUERY.swift */; };
		42163FDC1BCA3568001EBDC7 /* SelectDataBase.swift in Sources */ = {isa = PBXBuildFile; fileRef = 42163FD21BCA3568001EBDC7 /* SelectDataBase.swift */; };
		42163FE01BCA36B7001EBDC7 /* libsqlite3.dylib in Frameworks */ = {isa = PBXBuildFile; fileRef = 42163FDF1BCA36B7001EBDC7 /* libsqlite3.dylib */; };
		42270EA01BCB843400F25C19 /* CollectionInfo.swift in Sources */ = {isa = PBXBuildFile; fileRef = 42270E9F1BCB843400F25C19 /* CollectionInfo.swift */; };
		4227D5B21BCE406D00A2D0EB /* HTTPPostBusinessEditJson.swift in Sources */ = {isa = PBXBuildFile; fileRef = 4227D5B11BCE406D00A2D0EB /* HTTPPostBusinessEditJson.swift */; };
		4227D5B41BCE408C00A2D0EB /* HTTPPostBusinessJson.swift in Sources */ = {isa = PBXBuildFile; fileRef = 4227D5B31BCE408C00A2D0EB /* HTTPPostBusinessJson.swift */; };
		4227D5B61BCE410700A2D0EB /* HTTPPostDisCountJson.swift in Sources */ = {isa = PBXBuildFile; fileRef = 4227D5B51BCE410700A2D0EB /* HTTPPostDisCountJson.swift */; };
		4227D5B81BCE412600A2D0EB /* HTTPPostDisCountEdit.swift in Sources */ = {isa = PBXBuildFile; fileRef = 4227D5B71BCE412600A2D0EB /* HTTPPostDisCountEdit.swift */; };
		4227D5BA1BCE414A00A2D0EB /* HTTPPostInterestJson.swift in Sources */ = {isa = PBXBuildFile; fileRef = 4227D5B91BCE414A00A2D0EB /* HTTPPostInterestJson.swift */; };
		4227D5BC1BCE416600A2D0EB /* HTTPPostLogJson.swift in Sources */ = {isa = PBXBuildFile; fileRef = 4227D5BB1BCE416600A2D0EB /* HTTPPostLogJson.swift */; };
		4227D5BE1BCE41E200A2D0EB /* HTTPPostOpinionJson.swift in Sources */ = {isa = PBXBuildFile; fileRef = 4227D5BD1BCE41E200A2D0EB /* HTTPPostOpinionJson.swift */; };
		4227D5C01BCE439800A2D0EB /* HTTPPostUploadImage.swift in Sources */ = {isa = PBXBuildFile; fileRef = 4227D5BF1BCE439800A2D0EB /* HTTPPostUploadImage.swift */; };
		42C780AA1BCA6162002605D6 /* Path.swift in Sources */ = {isa = PBXBuildFile; fileRef = 42C780A91BCA6162002605D6 /* Path.swift */; };
		42C780AD1BCA6B0D002605D6 /* HTTPPostMemberJson.swift in Sources */ = {isa = PBXBuildFile; fileRef = 42C780AC1BCA6B0D002605D6 /* HTTPPostMemberJson.swift */; };
		8D4668201BC5278700AB3CFE /* MainTopJobsViewController.swift in Sources */ = {isa = PBXBuildFile; fileRef = 8D46681F1BC5278700AB3CFE /* MainTopJobsViewController.swift */; };
		8D6C4DDA1BC90F7B002D60CB /* JobsData.swift in Sources */ = {isa = PBXBuildFile; fileRef = 8D6C4DD71BC90F7B002D60CB /* JobsData.swift */; };
		8D6C4DDB1BC90F7B002D60CB /* JobsItems.swift in Sources */ = {isa = PBXBuildFile; fileRef = 8D6C4DD81BC90F7B002D60CB /* JobsItems.swift */; };
		8D6C4DDF1BC91054002D60CB /* JobsTableViewController.swift in Sources */ = {isa = PBXBuildFile; fileRef = 8D6C4DDE1BC91054002D60CB /* JobsTableViewController.swift */; };
		8D6E11C71BC39AA300A42E0F /* AppDelegate.swift in Sources */ = {isa = PBXBuildFile; fileRef = 8D6E11C61BC39AA300A42E0F /* AppDelegate.swift */; };
		8D6E11C91BC39AA300A42E0F /* ViewController.swift in Sources */ = {isa = PBXBuildFile; fileRef = 8D6E11C81BC39AA300A42E0F /* ViewController.swift */; };
		8D6E11CC1BC39AA300A42E0F /* Main.storyboard in Resources */ = {isa = PBXBuildFile; fileRef = 8D6E11CA1BC39AA300A42E0F /* Main.storyboard */; };
		8D6E11CE1BC39AA300A42E0F /* Images.xcassets in Resources */ = {isa = PBXBuildFile; fileRef = 8D6E11CD1BC39AA300A42E0F /* Images.xcassets */; };
		8D6E11D11BC39AA300A42E0F /* LaunchScreen.xib in Resources */ = {isa = PBXBuildFile; fileRef = 8D6E11CF1BC39AA300A42E0F /* LaunchScreen.xib */; };
		8D6E11DD1BC39AA300A42E0F /* ShahrMaTests.swift in Sources */ = {isa = PBXBuildFile; fileRef = 8D6E11DC1BC39AA300A42E0F /* ShahrMaTests.swift */; };
		8D6E11E91BC39C1000A42E0F /* SWRevealViewController.m in Sources */ = {isa = PBXBuildFile; fileRef = 8D6E11E81BC39C1000A42E0F /* SWRevealViewController.m */; };
		8D6E11EF1BC3A26400A42E0F /* MenuTableView.swift in Sources */ = {isa = PBXBuildFile; fileRef = 8D6E11EE1BC3A26400A42E0F /* MenuTableView.swift */; };
		8D840D4B1BC4FA6600531E7F /* MainTabViewController.swift in Sources */ = {isa = PBXBuildFile; fileRef = 8D840D4A1BC4FA6600531E7F /* MainTabViewController.swift */; };
		8DF4CEA61BCA50170095133D /* FMDatabase.m in Sources */ = {isa = PBXBuildFile; fileRef = 8DF4CE9D1BCA50170095133D /* FMDatabase.m */; };
		8DF4CEA71BCA50170095133D /* FMResultSet.m in Sources */ = {isa = PBXBuildFile; fileRef = 8DF4CE9F1BCA50170095133D /* FMResultSet.m */; };
		8DF4CEA81BCA50170095133D /* FMDatabaseQueue.m in Sources */ = {isa = PBXBuildFile; fileRef = 8DF4CEA11BCA50170095133D /* FMDatabaseQueue.m */; };
		8DF4CEA91BCA50170095133D /* FMDatabaseAdditions.m in Sources */ = {isa = PBXBuildFile; fileRef = 8DF4CEA31BCA50170095133D /* FMDatabaseAdditions.m */; };
		8DF4CEAA1BCA50170095133D /* FMDatabasePool.m in Sources */ = {isa = PBXBuildFile; fileRef = 8DF4CEA51BCA50170095133D /* FMDatabasePool.m */; };
		A9976A21C59D42C49392AA7A /* Pods_ShahrMa.framework in Frameworks */ = {isa = PBXBuildFile; fileRef = 0F7547A0B0E2BBEC214317AF /* Pods_ShahrMa.framework */; settings = {ATTRIBUTES = (Weak, ); }; };
/* End PBXBuildFile section */

/* Begin PBXContainerItemProxy section */
		8D6E11D71BC39AA300A42E0F /* PBXContainerItemProxy */ = {
			isa = PBXContainerItemProxy;
			containerPortal = 8D6E11B91BC39AA300A42E0F /* Project object */;
			proxyType = 1;
			remoteGlobalIDString = 8D6E11C01BC39AA300A42E0F;
			remoteInfo = ShahrMa;
		};
/* End PBXContainerItemProxy section */

/* Begin PBXFileReference section */
		0F7547A0B0E2BBEC214317AF /* Pods_ShahrMa.framework */ = {isa = PBXFileReference; explicitFileType = wrapper.framework; includeInIndex = 0; path = Pods_ShahrMa.framework; sourceTree = BUILT_PRODUCTS_DIR; };
		42163FB51BCA34DE001EBDC7 /* HTTPGetAdvertismentJson.swift */ = {isa = PBXFileReference; fileEncoding = 4; lastKnownFileType = sourcecode.swift; name = HTTPGetAdvertismentJson.swift; path = ../HTTPGetAdvertismentJson.swift; sourceTree = "<group>"; };
		42163FB61BCA34DE001EBDC7 /* HTTPGetAreaJson.swift */ = {isa = PBXFileReference; fileEncoding = 4; lastKnownFileType = sourcecode.swift; name = HTTPGetAreaJson.swift; path = ../HTTPGetAreaJson.swift; sourceTree = "<group>"; };
		42163FB71BCA34DE001EBDC7 /* HTTPGetBooMarkJson.swift */ = {isa = PBXFileReference; fileEncoding = 4; lastKnownFileType = sourcecode.swift; name = HTTPGetBooMarkJson.swift; path = ../HTTPGetBooMarkJson.swift; sourceTree = "<group>"; };
		42163FB81BCA34DE001EBDC7 /* HTTPGetBussinessJson.swift */ = {isa = PBXFileReference; fileEncoding = 4; lastKnownFileType = sourcecode.swift; name = HTTPGetBussinessJson.swift; path = ../HTTPGetBussinessJson.swift; sourceTree = "<group>"; };
		42163FB91BCA34DE001EBDC7 /* HTTPGetCityJson.swift */ = {isa = PBXFileReference; fileEncoding = 4; lastKnownFileType = sourcecode.swift; name = HTTPGetCityJson.swift; path = ../HTTPGetCityJson.swift; sourceTree = "<group>"; };
		42163FBA1BCA34DE001EBDC7 /* HTTPGetCollectionJson.swift */ = {isa = PBXFileReference; fileEncoding = 4; lastKnownFileType = sourcecode.swift; name = HTTPGetCollectionJson.swift; path = ../HTTPGetCollectionJson.swift; sourceTree = "<group>"; };
		42163FBB1BCA34DE001EBDC7 /* HTTPGetFieldActivityJson.swift */ = {isa = PBXFileReference; fileEncoding = 4; lastKnownFileType = sourcecode.swift; name = HTTPGetFieldActivityJson.swift; path = ../HTTPGetFieldActivityJson.swift; sourceTree = "<group>"; };
		42163FBC1BCA34DE001EBDC7 /* HTTPGetOpinionJson.swift */ = {isa = PBXFileReference; fileEncoding = 4; lastKnownFileType = sourcecode.swift; name = HTTPGetOpinionJson.swift; path = ../HTTPGetOpinionJson.swift; sourceTree = "<group>"; };
		42163FBD1BCA34DE001EBDC7 /* HTTPGetSubsetJson.swift */ = {isa = PBXFileReference; fileEncoding = 4; lastKnownFileType = sourcecode.swift; name = HTTPGetSubsetJson.swift; path = ../HTTPGetSubsetJson.swift; sourceTree = "<group>"; };
		42163FC91BCA3568001EBDC7 /* AddDataBase.swift */ = {isa = PBXFileReference; fileEncoding = 4; lastKnownFileType = sourcecode.swift; name = AddDataBase.swift; path = ../AddDataBase.swift; sourceTree = "<group>"; };
		42163FCA1BCA3568001EBDC7 /* DataBase.swift */ = {isa = PBXFileReference; fileEncoding = 4; lastKnownFileType = sourcecode.swift; name = DataBase.swift; path = ../DataBase.swift; sourceTree = "<group>"; };
		42163FCB1BCA3568001EBDC7 /* DateTime.swift */ = {isa = PBXFileReference; fileEncoding = 4; lastKnownFileType = sourcecode.swift; name = DateTime.swift; path = ../DateTime.swift; sourceTree = "<group>"; };
		42163FCC1BCA3568001EBDC7 /* DeleteDataBase.swift */ = {isa = PBXFileReference; fileEncoding = 4; lastKnownFileType = sourcecode.swift; name = DeleteDataBase.swift; path = ../DeleteDataBase.swift; sourceTree = "<group>"; };
		42163FCD1BCA3568001EBDC7 /* FieldClass.swift */ = {isa = PBXFileReference; fileEncoding = 4; lastKnownFileType = sourcecode.swift; name = FieldClass.swift; path = ../FieldClass.swift; sourceTree = "<group>"; };
		42163FCE1BCA3568001EBDC7 /* FieldDataBase.swift */ = {isa = PBXFileReference; fileEncoding = 4; lastKnownFileType = sourcecode.swift; name = FieldDataBase.swift; path = ../FieldDataBase.swift; sourceTree = "<group>"; };
		42163FCF1BCA3568001EBDC7 /* FieldDataBusiness.swift */ = {isa = PBXFileReference; fileEncoding = 4; lastKnownFileType = sourcecode.swift; name = FieldDataBusiness.swift; path = ../FieldDataBusiness.swift; sourceTree = "<group>"; };
		42163FD01BCA3568001EBDC7 /* File.swift */ = {isa = PBXFileReference; fileEncoding = 4; lastKnownFileType = sourcecode.swift; name = File.swift; path = ../File.swift; sourceTree = "<group>"; };
		42163FD11BCA3568001EBDC7 /* QUERY.swift */ = {isa = PBXFileReference; fileEncoding = 4; lastKnownFileType = sourcecode.swift; name = QUERY.swift; path = ../QUERY.swift; sourceTree = "<group>"; };
		42163FD21BCA3568001EBDC7 /* SelectDataBase.swift */ = {isa = PBXFileReference; fileEncoding = 4; lastKnownFileType = sourcecode.swift; name = SelectDataBase.swift; path = ../SelectDataBase.swift; sourceTree = "<group>"; };
		42163FDF1BCA36B7001EBDC7 /* libsqlite3.dylib */ = {isa = PBXFileReference; lastKnownFileType = "compiled.mach-o.dylib"; name = libsqlite3.dylib; path = usr/lib/libsqlite3.dylib; sourceTree = SDKROOT; };
		42270E9F1BCB843400F25C19 /* CollectionInfo.swift */ = {isa = PBXFileReference; fileEncoding = 4; lastKnownFileType = sourcecode.swift; path = CollectionInfo.swift; sourceTree = "<group>"; };
		4227D5B11BCE406D00A2D0EB /* HTTPPostBusinessEditJson.swift */ = {isa = PBXFileReference; fileEncoding = 4; lastKnownFileType = sourcecode.swift; path = HTTPPostBusinessEditJson.swift; sourceTree = "<group>"; };
		4227D5B31BCE408C00A2D0EB /* HTTPPostBusinessJson.swift */ = {isa = PBXFileReference; fileEncoding = 4; lastKnownFileType = sourcecode.swift; path = HTTPPostBusinessJson.swift; sourceTree = "<group>"; };
		4227D5B51BCE410700A2D0EB /* HTTPPostDisCountJson.swift */ = {isa = PBXFileReference; fileEncoding = 4; lastKnownFileType = sourcecode.swift; path = HTTPPostDisCountJson.swift; sourceTree = "<group>"; };
		4227D5B71BCE412600A2D0EB /* HTTPPostDisCountEdit.swift */ = {isa = PBXFileReference; fileEncoding = 4; lastKnownFileType = sourcecode.swift; path = HTTPPostDisCountEdit.swift; sourceTree = "<group>"; };
		4227D5B91BCE414A00A2D0EB /* HTTPPostInterestJson.swift */ = {isa = PBXFileReference; fileEncoding = 4; lastKnownFileType = sourcecode.swift; path = HTTPPostInterestJson.swift; sourceTree = "<group>"; };
		4227D5BB1BCE416600A2D0EB /* HTTPPostLogJson.swift */ = {isa = PBXFileReference; fileEncoding = 4; lastKnownFileType = sourcecode.swift; path = HTTPPostLogJson.swift; sourceTree = "<group>"; };
		4227D5BD1BCE41E200A2D0EB /* HTTPPostOpinionJson.swift */ = {isa = PBXFileReference; fileEncoding = 4; lastKnownFileType = sourcecode.swift; path = HTTPPostOpinionJson.swift; sourceTree = "<group>"; };
		4227D5BF1BCE439800A2D0EB /* HTTPPostUploadImage.swift */ = {isa = PBXFileReference; fileEncoding = 4; lastKnownFileType = sourcecode.swift; path = HTTPPostUploadImage.swift; sourceTree = "<group>"; };
		42C780A91BCA6162002605D6 /* Path.swift */ = {isa = PBXFileReference; fileEncoding = 4; lastKnownFileType = sourcecode.swift; path = Path.swift; sourceTree = "<group>"; };
		42C780AC1BCA6B0D002605D6 /* HTTPPostMemberJson.swift */ = {isa = PBXFileReference; fileEncoding = 4; lastKnownFileType = sourcecode.swift; path = HTTPPostMemberJson.swift; sourceTree = "<group>"; };
		87C411A7885FB0B5B1F578B1 /* Pods-ShahrMa.debug.xcconfig */ = {isa = PBXFileReference; includeInIndex = 1; lastKnownFileType = text.xcconfig; name = "Pods-ShahrMa.debug.xcconfig"; path = "Pods/Target Support Files/Pods-ShahrMa/Pods-ShahrMa.debug.xcconfig"; sourceTree = "<group>"; };
		8D46681F1BC5278700AB3CFE /* MainTopJobsViewController.swift */ = {isa = PBXFileReference; fileEncoding = 4; lastKnownFileType = sourcecode.swift; path = MainTopJobsViewController.swift; sourceTree = "<group>"; };
		8D6C4DD71BC90F7B002D60CB /* JobsData.swift */ = {isa = PBXFileReference; fileEncoding = 4; lastKnownFileType = sourcecode.swift; path = JobsData.swift; sourceTree = "<group>"; };
		8D6C4DD81BC90F7B002D60CB /* JobsItems.swift */ = {isa = PBXFileReference; fileEncoding = 4; lastKnownFileType = sourcecode.swift; path = JobsItems.swift; sourceTree = "<group>"; };
		8D6C4DDE1BC91054002D60CB /* JobsTableViewController.swift */ = {isa = PBXFileReference; fileEncoding = 4; lastKnownFileType = sourcecode.swift; path = JobsTableViewController.swift; sourceTree = "<group>"; };
		8D6E11C11BC39AA300A42E0F /* ShahrMa.app */ = {isa = PBXFileReference; explicitFileType = wrapper.application; includeInIndex = 0; path = ShahrMa.app; sourceTree = BUILT_PRODUCTS_DIR; };
		8D6E11C51BC39AA300A42E0F /* Info.plist */ = {isa = PBXFileReference; lastKnownFileType = text.plist.xml; path = Info.plist; sourceTree = "<group>"; };
		8D6E11C61BC39AA300A42E0F /* AppDelegate.swift */ = {isa = PBXFileReference; lastKnownFileType = sourcecode.swift; path = AppDelegate.swift; sourceTree = "<group>"; };
		8D6E11C81BC39AA300A42E0F /* ViewController.swift */ = {isa = PBXFileReference; lastKnownFileType = sourcecode.swift; path = ViewController.swift; sourceTree = "<group>"; };
		8D6E11CB1BC39AA300A42E0F /* Base */ = {isa = PBXFileReference; lastKnownFileType = file.storyboard; name = Base; path = Base.lproj/Main.storyboard; sourceTree = "<group>"; };
		8D6E11CD1BC39AA300A42E0F /* Images.xcassets */ = {isa = PBXFileReference; lastKnownFileType = folder.assetcatalog; path = Images.xcassets; sourceTree = "<group>"; };
		8D6E11D01BC39AA300A42E0F /* Base */ = {isa = PBXFileReference; lastKnownFileType = file.xib; name = Base; path = Base.lproj/LaunchScreen.xib; sourceTree = "<group>"; };
		8D6E11D61BC39AA300A42E0F /* ShahrMaTests.xctest */ = {isa = PBXFileReference; explicitFileType = wrapper.cfbundle; includeInIndex = 0; path = ShahrMaTests.xctest; sourceTree = BUILT_PRODUCTS_DIR; };
		8D6E11DB1BC39AA300A42E0F /* Info.plist */ = {isa = PBXFileReference; lastKnownFileType = text.plist.xml; path = Info.plist; sourceTree = "<group>"; };
		8D6E11DC1BC39AA300A42E0F /* ShahrMaTests.swift */ = {isa = PBXFileReference; lastKnownFileType = sourcecode.swift; path = ShahrMaTests.swift; sourceTree = "<group>"; };
		8D6E11E61BC39C1000A42E0F /* ShahrMa-Bridging-Header.h */ = {isa = PBXFileReference; lastKnownFileType = sourcecode.c.h; path = "ShahrMa-Bridging-Header.h"; sourceTree = "<group>"; };
		8D6E11E71BC39C1000A42E0F /* SWRevealViewController.h */ = {isa = PBXFileReference; fileEncoding = 4; lastKnownFileType = sourcecode.c.h; path = SWRevealViewController.h; sourceTree = "<group>"; };
		8D6E11E81BC39C1000A42E0F /* SWRevealViewController.m */ = {isa = PBXFileReference; fileEncoding = 4; lastKnownFileType = sourcecode.c.objc; path = SWRevealViewController.m; sourceTree = "<group>"; };
		8D6E11EE1BC3A26400A42E0F /* MenuTableView.swift */ = {isa = PBXFileReference; fileEncoding = 4; lastKnownFileType = sourcecode.swift; path = MenuTableView.swift; sourceTree = "<group>"; };
		8D840D4A1BC4FA6600531E7F /* MainTabViewController.swift */ = {isa = PBXFileReference; fileEncoding = 4; lastKnownFileType = sourcecode.swift; path = MainTabViewController.swift; sourceTree = "<group>"; };
		8DF4CE9B1BCA50170095133D /* FMDB.h */ = {isa = PBXFileReference; fileEncoding = 4; lastKnownFileType = sourcecode.c.h; path = FMDB.h; sourceTree = "<group>"; };
		8DF4CE9C1BCA50170095133D /* FMDatabase.h */ = {isa = PBXFileReference; fileEncoding = 4; lastKnownFileType = sourcecode.c.h; path = FMDatabase.h; sourceTree = "<group>"; };
		8DF4CE9D1BCA50170095133D /* FMDatabase.m */ = {isa = PBXFileReference; fileEncoding = 4; lastKnownFileType = sourcecode.c.objc; path = FMDatabase.m; sourceTree = "<group>"; };
		8DF4CE9E1BCA50170095133D /* FMResultSet.h */ = {isa = PBXFileReference; fileEncoding = 4; lastKnownFileType = sourcecode.c.h; path = FMResultSet.h; sourceTree = "<group>"; };
		8DF4CE9F1BCA50170095133D /* FMResultSet.m */ = {isa = PBXFileReference; fileEncoding = 4; lastKnownFileType = sourcecode.c.objc; path = FMResultSet.m; sourceTree = "<group>"; };
		8DF4CEA01BCA50170095133D /* FMDatabaseQueue.h */ = {isa = PBXFileReference; fileEncoding = 4; lastKnownFileType = sourcecode.c.h; path = FMDatabaseQueue.h; sourceTree = "<group>"; };
		8DF4CEA11BCA50170095133D /* FMDatabaseQueue.m */ = {isa = PBXFileReference; fileEncoding = 4; lastKnownFileType = sourcecode.c.objc; path = FMDatabaseQueue.m; sourceTree = "<group>"; };
		8DF4CEA21BCA50170095133D /* FMDatabaseAdditions.h */ = {isa = PBXFileReference; fileEncoding = 4; lastKnownFileType = sourcecode.c.h; path = FMDatabaseAdditions.h; sourceTree = "<group>"; };
		8DF4CEA31BCA50170095133D /* FMDatabaseAdditions.m */ = {isa = PBXFileReference; fileEncoding = 4; lastKnownFileType = sourcecode.c.objc; path = FMDatabaseAdditions.m; sourceTree = "<group>"; };
		8DF4CEA41BCA50170095133D /* FMDatabasePool.h */ = {isa = PBXFileReference; fileEncoding = 4; lastKnownFileType = sourcecode.c.h; path = FMDatabasePool.h; sourceTree = "<group>"; };
		8DF4CEA51BCA50170095133D /* FMDatabasePool.m */ = {isa = PBXFileReference; fileEncoding = 4; lastKnownFileType = sourcecode.c.objc; path = FMDatabasePool.m; sourceTree = "<group>"; };
		DF5CF8F35B533AA9E06FC03D /* Pods-ShahrMa.release.xcconfig */ = {isa = PBXFileReference; includeInIndex = 1; lastKnownFileType = text.xcconfig; name = "Pods-ShahrMa.release.xcconfig"; path = "Pods/Target Support Files/Pods-ShahrMa/Pods-ShahrMa.release.xcconfig"; sourceTree = "<group>"; };
/* End PBXFileReference section */

/* Begin PBXFrameworksBuildPhase section */
		8D6E11BE1BC39AA300A42E0F /* Frameworks */ = {
			isa = PBXFrameworksBuildPhase;
			buildActionMask = 2147483647;
			files = (
				42163FE01BCA36B7001EBDC7 /* libsqlite3.dylib in Frameworks */,
				A9976A21C59D42C49392AA7A /* Pods_ShahrMa.framework in Frameworks */,
			);
			runOnlyForDeploymentPostprocessing = 0;
		};
		8D6E11D31BC39AA300A42E0F /* Frameworks */ = {
			isa = PBXFrameworksBuildPhase;
			buildActionMask = 2147483647;
			files = (
			);
			runOnlyForDeploymentPostprocessing = 0;
		};
/* End PBXFrameworksBuildPhase section */

/* Begin PBXGroup section */
		42163FC71BCA34EC001EBDC7 /* WebServiceGet */ = {
			isa = PBXGroup;
			children = (
				42163FB51BCA34DE001EBDC7 /* HTTPGetAdvertismentJson.swift */,
				42163FB61BCA34DE001EBDC7 /* HTTPGetAreaJson.swift */,
				42163FB71BCA34DE001EBDC7 /* HTTPGetBooMarkJson.swift */,
				42163FB81BCA34DE001EBDC7 /* HTTPGetBussinessJson.swift */,
				42163FB91BCA34DE001EBDC7 /* HTTPGetCityJson.swift */,
				42163FBA1BCA34DE001EBDC7 /* HTTPGetCollectionJson.swift */,
				42163FBB1BCA34DE001EBDC7 /* HTTPGetFieldActivityJson.swift */,
				42163FBC1BCA34DE001EBDC7 /* HTTPGetOpinionJson.swift */,
				42163FBD1BCA34DE001EBDC7 /* HTTPGetSubsetJson.swift */,
			);
			name = WebServiceGet;
			sourceTree = "<group>";
		};
		42163FC81BCA3523001EBDC7 /* DataBase */ = {
			isa = PBXGroup;
			children = (
				8DF4CEAC1BCA50900095133D /* FMDB */,
				42163FC91BCA3568001EBDC7 /* AddDataBase.swift */,
				42163FCA1BCA3568001EBDC7 /* DataBase.swift */,
				42163FCC1BCA3568001EBDC7 /* DeleteDataBase.swift */,
				42163FD01BCA3568001EBDC7 /* File.swift */,
				42163FD11BCA3568001EBDC7 /* QUERY.swift */,
				42163FD21BCA3568001EBDC7 /* SelectDataBase.swift */,
				42C780A91BCA6162002605D6 /* Path.swift */,
				42270E9F1BCB843400F25C19 /* CollectionInfo.swift */,
			);
			name = DataBase;
			sourceTree = "<group>";
		};
		42163FDD1BCA3595001EBDC7 /* Fields */ = {
			isa = PBXGroup;
			children = (
				42163FCD1BCA3568001EBDC7 /* FieldClass.swift */,
				42163FCE1BCA3568001EBDC7 /* FieldDataBase.swift */,
				42163FCF1BCA3568001EBDC7 /* FieldDataBusiness.swift */,
			);
			name = Fields;
			sourceTree = "<group>";
		};
		42163FDE1BCA35C2001EBDC7 /* DateTime */ = {
			isa = PBXGroup;
			children = (
				42163FCB1BCA3568001EBDC7 /* DateTime.swift */,
			);
			name = DateTime;
			sourceTree = "<group>";
		};
		42C780AB1BCA6AD2002605D6 /* WebServicePost */ = {
			isa = PBXGroup;
			children = (
				4227D5B11BCE406D00A2D0EB /* HTTPPostBusinessEditJson.swift */,
				4227D5B31BCE408C00A2D0EB /* HTTPPostBusinessJson.swift */,
				4227D5B51BCE410700A2D0EB /* HTTPPostDisCountJson.swift */,
				4227D5B71BCE412600A2D0EB /* HTTPPostDisCountEdit.swift */,
				4227D5B91BCE414A00A2D0EB /* HTTPPostInterestJson.swift */,
				4227D5BB1BCE416600A2D0EB /* HTTPPostLogJson.swift */,
				4227D5BD1BCE41E200A2D0EB /* HTTPPostOpinionJson.swift */,
				42C780AC1BCA6B0D002605D6 /* HTTPPostMemberJson.swift */,
				4227D5BF1BCE439800A2D0EB /* HTTPPostUploadImage.swift */,
			);
			name = WebServicePost;
			sourceTree = "<group>";
		};
		43CC34E3D494B2A6870C5002 /* Frameworks */ = {
			isa = PBXGroup;
			children = (
				0F7547A0B0E2BBEC214317AF /* Pods_ShahrMa.framework */,
			);
			name = Frameworks;
			sourceTree = "<group>";
		};
		852B45B58CCF7CDC67BEE020 /* Pods */ = {
			isa = PBXGroup;
			children = (
				87C411A7885FB0B5B1F578B1 /* Pods-ShahrMa.debug.xcconfig */,
				DF5CF8F35B533AA9E06FC03D /* Pods-ShahrMa.release.xcconfig */,
			);
			name = Pods;
			sourceTree = "<group>";
		};
		8D6C4DDD1BC90F84002D60CB /* Jobs */ = {
			isa = PBXGroup;
			children = (
				8D6C4DDE1BC91054002D60CB /* JobsTableViewController.swift */,
				8D6C4DD71BC90F7B002D60CB /* JobsData.swift */,
				8D6C4DD81BC90F7B002D60CB /* JobsItems.swift */,
			);
			name = Jobs;
			sourceTree = "<group>";
		};
		8D6E11B81BC39AA300A42E0F = {
			isa = PBXGroup;
			children = (
				42163FDF1BCA36B7001EBDC7 /* libsqlite3.dylib */,
				8D6E11C31BC39AA300A42E0F /* ShahrMa */,
				8D6E11D91BC39AA300A42E0F /* ShahrMaTests */,
				8D6E11C21BC39AA300A42E0F /* Products */,
				852B45B58CCF7CDC67BEE020 /* Pods */,
				43CC34E3D494B2A6870C5002 /* Frameworks */,
			);
			sourceTree = "<group>";
		};
		8D6E11C21BC39AA300A42E0F /* Products */ = {
			isa = PBXGroup;
			children = (
				8D6E11C11BC39AA300A42E0F /* ShahrMa.app */,
				8D6E11D61BC39AA300A42E0F /* ShahrMaTests.xctest */,
			);
			name = Products;
			sourceTree = "<group>";
		};
		8D6E11C31BC39AA300A42E0F /* ShahrMa */ = {
			isa = PBXGroup;
			children = (
				42C780AB1BCA6AD2002605D6 /* WebServicePost */,
				42163FDE1BCA35C2001EBDC7 /* DateTime */,
				42163FDD1BCA3595001EBDC7 /* Fields */,
				42163FC81BCA3523001EBDC7 /* DataBase */,
				42163FC71BCA34EC001EBDC7 /* WebServiceGet */,
				8D6C4DDD1BC90F84002D60CB /* Jobs */,
				8D6E11C61BC39AA300A42E0F /* AppDelegate.swift */,
				8D6E11C81BC39AA300A42E0F /* ViewController.swift */,
				8D6E11CA1BC39AA300A42E0F /* Main.storyboard */,
				8D6E11CD1BC39AA300A42E0F /* Images.xcassets */,
				8D6E11F41BC3ACB200A42E0F /* Images */,
				8D6E11CF1BC39AA300A42E0F /* LaunchScreen.xib */,
				8D6E11C41BC39AA300A42E0F /* Supporting Files */,
				8D6E11EE1BC3A26400A42E0F /* MenuTableView.swift */,
				8D840D4A1BC4FA6600531E7F /* MainTabViewController.swift */,
				8D46681F1BC5278700AB3CFE /* MainTopJobsViewController.swift */,
			);
			path = ShahrMa;
			sourceTree = "<group>";
		};
		8D6E11C41BC39AA300A42E0F /* Supporting Files */ = {
			isa = PBXGroup;
			children = (
				8D6E11E71BC39C1000A42E0F /* SWRevealViewController.h */,
				8D6E11E81BC39C1000A42E0F /* SWRevealViewController.m */,
				8D6E11C51BC39AA300A42E0F /* Info.plist */,
				8D6E11E61BC39C1000A42E0F /* ShahrMa-Bridging-Header.h */,
			);
			name = "Supporting Files";
			sourceTree = "<group>";
		};
		8D6E11D91BC39AA300A42E0F /* ShahrMaTests */ = {
			isa = PBXGroup;
			children = (
				8D6E11DC1BC39AA300A42E0F /* ShahrMaTests.swift */,
				8D6E11DA1BC39AA300A42E0F /* Supporting Files */,
			);
			path = ShahrMaTests;
			sourceTree = "<group>";
		};
		8D6E11DA1BC39AA300A42E0F /* Supporting Files */ = {
			isa = PBXGroup;
			children = (
				8D6E11DB1BC39AA300A42E0F /* Info.plist */,
			);
			name = "Supporting Files";
			sourceTree = "<group>";
		};
		8D6E11F41BC3ACB200A42E0F /* Images */ = {
			isa = PBXGroup;
			children = (
			);
			name = Images;
			sourceTree = "<group>";
		};
		8DF4CEAC1BCA50900095133D /* FMDB */ = {
			isa = PBXGroup;
			children = (
				8DF4CE9B1BCA50170095133D /* FMDB.h */,
				8DF4CE9C1BCA50170095133D /* FMDatabase.h */,
				8DF4CE9D1BCA50170095133D /* FMDatabase.m */,
				8DF4CE9E1BCA50170095133D /* FMResultSet.h */,
				8DF4CE9F1BCA50170095133D /* FMResultSet.m */,
				8DF4CEA01BCA50170095133D /* FMDatabaseQueue.h */,
				8DF4CEA11BCA50170095133D /* FMDatabaseQueue.m */,
				8DF4CEA21BCA50170095133D /* FMDatabaseAdditions.h */,
				8DF4CEA31BCA50170095133D /* FMDatabaseAdditions.m */,
				8DF4CEA41BCA50170095133D /* FMDatabasePool.h */,
				8DF4CEA51BCA50170095133D /* FMDatabasePool.m */,
			);
			name = FMDB;
			sourceTree = "<group>";
		};
/* End PBXGroup section */

/* Begin PBXNativeTarget section */
		8D6E11C01BC39AA300A42E0F /* ShahrMa */ = {
			isa = PBXNativeTarget;
			buildConfigurationList = 8D6E11E01BC39AA300A42E0F /* Build configuration list for PBXNativeTarget "ShahrMa" */;
			buildPhases = (
				6898EBA7795226746AB7B1BF /* Check Pods Manifest.lock */,
				8D6E11BD1BC39AA300A42E0F /* Sources */,
				8D6E11BE1BC39AA300A42E0F /* Frameworks */,
				8D6E11BF1BC39AA300A42E0F /* Resources */,
				D7259C6DAD1222BB5B9278F8 /* Embed Pods Frameworks */,
				4E04EC95A40F94555DBED24E /* Copy Pods Resources */,
			);
			buildRules = (
			);
			dependencies = (
			);
			name = ShahrMa;
			productName = ShahrMa;
			productReference = 8D6E11C11BC39AA300A42E0F /* ShahrMa.app */;
			productType = "com.apple.product-type.application";
		};
		8D6E11D51BC39AA300A42E0F /* ShahrMaTests */ = {
			isa = PBXNativeTarget;
			buildConfigurationList = 8D6E11E31BC39AA300A42E0F /* Build configuration list for PBXNativeTarget "ShahrMaTests" */;
			buildPhases = (
				8D6E11D21BC39AA300A42E0F /* Sources */,
				8D6E11D31BC39AA300A42E0F /* Frameworks */,
				8D6E11D41BC39AA300A42E0F /* Resources */,
			);
			buildRules = (
			);
			dependencies = (
				8D6E11D81BC39AA300A42E0F /* PBXTargetDependency */,
			);
			name = ShahrMaTests;
			productName = ShahrMaTests;
			productReference = 8D6E11D61BC39AA300A42E0F /* ShahrMaTests.xctest */;
			productType = "com.apple.product-type.bundle.unit-test";
		};
/* End PBXNativeTarget section */

/* Begin PBXProject section */
		8D6E11B91BC39AA300A42E0F /* Project object */ = {
			isa = PBXProject;
			attributes = {
				LastUpgradeCheck = 0640;
				ORGANIZATIONNAME = Ariana;
				TargetAttributes = {
					8D6E11C01BC39AA300A42E0F = {
						CreatedOnToolsVersion = 6.4;
					};
					8D6E11D51BC39AA300A42E0F = {
						CreatedOnToolsVersion = 6.4;
						TestTargetID = 8D6E11C01BC39AA300A42E0F;
					};
				};
			};
			buildConfigurationList = 8D6E11BC1BC39AA300A42E0F /* Build configuration list for PBXProject "ShahrMa" */;
			compatibilityVersion = "Xcode 3.2";
			developmentRegion = English;
			hasScannedForEncodings = 0;
			knownRegions = (
				en,
				Base,
			);
			mainGroup = 8D6E11B81BC39AA300A42E0F;
			productRefGroup = 8D6E11C21BC39AA300A42E0F /* Products */;
			projectDirPath = "";
			projectRoot = "";
			targets = (
				8D6E11C01BC39AA300A42E0F /* ShahrMa */,
				8D6E11D51BC39AA300A42E0F /* ShahrMaTests */,
			);
		};
/* End PBXProject section */

/* Begin PBXResourcesBuildPhase section */
		8D6E11BF1BC39AA300A42E0F /* Resources */ = {
			isa = PBXResourcesBuildPhase;
			buildActionMask = 2147483647;
			files = (
				8D6E11CC1BC39AA300A42E0F /* Main.storyboard in Resources */,
				8D6E11D11BC39AA300A42E0F /* LaunchScreen.xib in Resources */,
				8D6E11CE1BC39AA300A42E0F /* Images.xcassets in Resources */,
			);
			runOnlyForDeploymentPostprocessing = 0;
		};
		8D6E11D41BC39AA300A42E0F /* Resources */ = {
			isa = PBXResourcesBuildPhase;
			buildActionMask = 2147483647;
			files = (
			);
			runOnlyForDeploymentPostprocessing = 0;
		};
/* End PBXResourcesBuildPhase section */

/* Begin PBXShellScriptBuildPhase section */
		4E04EC95A40F94555DBED24E /* Copy Pods Resources */ = {
			isa = PBXShellScriptBuildPhase;
			buildActionMask = 2147483647;
			files = (
			);
			inputPaths = (
			);
			name = "Copy Pods Resources";
			outputPaths = (
			);
			runOnlyForDeploymentPostprocessing = 0;
			shellPath = /bin/sh;
			shellScript = "\"${SRCROOT}/Pods/Target Support Files/Pods-ShahrMa/Pods-ShahrMa-resources.sh\"\n";
			showEnvVarsInLog = 0;
		};
		6898EBA7795226746AB7B1BF /* Check Pods Manifest.lock */ = {
			isa = PBXShellScriptBuildPhase;
			buildActionMask = 2147483647;
			files = (
			);
			inputPaths = (
			);
			name = "Check Pods Manifest.lock";
			outputPaths = (
			);
			runOnlyForDeploymentPostprocessing = 0;
			shellPath = /bin/sh;
			shellScript = "diff \"${PODS_ROOT}/../Podfile.lock\" \"${PODS_ROOT}/Manifest.lock\" > /dev/null\nif [[ $? != 0 ]] ; then\n    cat << EOM\nerror: The sandbox is not in sync with the Podfile.lock. Run 'pod install' or update your CocoaPods installation.\nEOM\n    exit 1\nfi\n";
			showEnvVarsInLog = 0;
		};
		D7259C6DAD1222BB5B9278F8 /* Embed Pods Frameworks */ = {
			isa = PBXShellScriptBuildPhase;
			buildActionMask = 2147483647;
			files = (
			);
			inputPaths = (
			);
			name = "Embed Pods Frameworks";
			outputPaths = (
			);
			runOnlyForDeploymentPostprocessing = 0;
			shellPath = /bin/sh;
			shellScript = "\"${SRCROOT}/Pods/Target Support Files/Pods-ShahrMa/Pods-ShahrMa-frameworks.sh\"\n";
			showEnvVarsInLog = 0;
		};
/* End PBXShellScriptBuildPhase section */

/* Begin PBXSourcesBuildPhase section */
		8D6E11BD1BC39AA300A42E0F /* Sources */ = {
			isa = PBXSourcesBuildPhase;
			buildActionMask = 2147483647;
			files = (
				42C780AA1BCA6162002605D6 /* Path.swift in Sources */,
				4227D5B61BCE410700A2D0EB /* HTTPPostDisCountJson.swift in Sources */,
				4227D5BA1BCE414A00A2D0EB /* HTTPPostInterestJson.swift in Sources */,
				42163FC11BCA34DE001EBDC7 /* HTTPGetBussinessJson.swift in Sources */,
				42163FC01BCA34DE001EBDC7 /* HTTPGetBooMarkJson.swift in Sources */,
				42163FC61BCA34DE001EBDC7 /* HTTPGetSubsetJson.swift in Sources */,
				8D840D4B1BC4FA6600531E7F /* MainTabViewController.swift in Sources */,
				8D6E11C91BC39AA300A42E0F /* ViewController.swift in Sources */,
				42163FD91BCA3568001EBDC7 /* FieldDataBusiness.swift in Sources */,
				42163FC41BCA34DE001EBDC7 /* HTTPGetFieldActivityJson.swift in Sources */,
				4227D5BE1BCE41E200A2D0EB /* HTTPPostOpinionJson.swift in Sources */,
				8D6C4DDB1BC90F7B002D60CB /* JobsItems.swift in Sources */,
				8DF4CEA61BCA50170095133D /* FMDatabase.m in Sources */,
				42163FDC1BCA3568001EBDC7 /* SelectDataBase.swift in Sources */,
				42163FBF1BCA34DE001EBDC7 /* HTTPGetAreaJson.swift in Sources */,
				42163FC51BCA34DE001EBDC7 /* HTTPGetOpinionJson.swift in Sources */,
				8D6E11C71BC39AA300A42E0F /* AppDelegate.swift in Sources */,
				4227D5BC1BCE416600A2D0EB /* HTTPPostLogJson.swift in Sources */,
				42C780AD1BCA6B0D002605D6 /* HTTPPostMemberJson.swift in Sources */,
				42163FD41BCA3568001EBDC7 /* DataBase.swift in Sources */,
				42163FD61BCA3568001EBDC7 /* DeleteDataBase.swift in Sources */,
				4227D5B81BCE412600A2D0EB /* HTTPPostDisCountEdit.swift in Sources */,
				42163FD71BCA3568001EBDC7 /* FieldClass.swift in Sources */,
				8DF4CEAA1BCA50170095133D /* FMDatabasePool.m in Sources */,
				42163FD31BCA3568001EBDC7 /* AddDataBase.swift in Sources */,
				42163FC21BCA34DE001EBDC7 /* HTTPGetCityJson.swift in Sources */,
				42163FBE1BCA34DE001EBDC7 /* HTTPGetAdvertismentJson.swift in Sources */,
				42163FDB1BCA3568001EBDC7 /* QUERY.swift in Sources */,
				8D6E11EF1BC3A26400A42E0F /* MenuTableView.swift in Sources */,
				8D6E11E91BC39C1000A42E0F /* SWRevealViewController.m in Sources */,
				42163FC31BCA34DE001EBDC7 /* HTTPGetCollectionJson.swift in Sources */,
				4227D5B21BCE406D00A2D0EB /* HTTPPostBusinessEditJson.swift in Sources */,
				4227D5B41BCE408C00A2D0EB /* HTTPPostBusinessJson.swift in Sources */,
				8DF4CEA91BCA50170095133D /* FMDatabaseAdditions.m in Sources */,
				42270EA01BCB843400F25C19 /* CollectionInfo.swift in Sources */,
				8D6C4DDA1BC90F7B002D60CB /* JobsData.swift in Sources */,
				8DF4CEA71BCA50170095133D /* FMResultSet.m in Sources */,
				8D4668201BC5278700AB3CFE /* MainTopJobsViewController.swift in Sources */,
				42163FD51BCA3568001EBDC7 /* DateTime.swift in Sources */,
				8DF4CEA81BCA50170095133D /* FMDatabaseQueue.m in Sources */,
				42163FDA1BCA3568001EBDC7 /* File.swift in Sources */,
				8D6C4DDF1BC91054002D60CB /* JobsTableViewController.swift in Sources */,
				4227D5C01BCE439800A2D0EB /* HTTPPostUploadImage.swift in Sources */,
				42163FD81BCA3568001EBDC7 /* FieldDataBase.swift in Sources */,
			);
			runOnlyForDeploymentPostprocessing = 0;
		};
		8D6E11D21BC39AA300A42E0F /* Sources */ = {
			isa = PBXSourcesBuildPhase;
			buildActionMask = 2147483647;
			files = (
				8D6E11DD1BC39AA300A42E0F /* ShahrMaTests.swift in Sources */,
			);
			runOnlyForDeploymentPostprocessing = 0;
		};
/* End PBXSourcesBuildPhase section */

/* Begin PBXTargetDependency section */
		8D6E11D81BC39AA300A42E0F /* PBXTargetDependency */ = {
			isa = PBXTargetDependency;
			target = 8D6E11C01BC39AA300A42E0F /* ShahrMa */;
			targetProxy = 8D6E11D71BC39AA300A42E0F /* PBXContainerItemProxy */;
		};
/* End PBXTargetDependency section */

/* Begin PBXVariantGroup section */
		8D6E11CA1BC39AA300A42E0F /* Main.storyboard */ = {
			isa = PBXVariantGroup;
			children = (
				8D6E11CB1BC39AA300A42E0F /* Base */,
			);
			name = Main.storyboard;
			sourceTree = "<group>";
		};
		8D6E11CF1BC39AA300A42E0F /* LaunchScreen.xib */ = {
			isa = PBXVariantGroup;
			children = (
				8D6E11D01BC39AA300A42E0F /* Base */,
			);
			name = LaunchScreen.xib;
			sourceTree = "<group>";
		};
/* End PBXVariantGroup section */

/* Begin XCBuildConfiguration section */
		8D6E11DE1BC39AA300A42E0F /* Debug */ = {
			isa = XCBuildConfiguration;
			buildSettings = {
				ALWAYS_SEARCH_USER_PATHS = NO;
				CLANG_CXX_LANGUAGE_STANDARD = "gnu++0x";
				CLANG_CXX_LIBRARY = "libc++";
				CLANG_ENABLE_MODULES = YES;
				CLANG_ENABLE_OBJC_ARC = YES;
				CLANG_WARN_BOOL_CONVERSION = YES;
				CLANG_WARN_CONSTANT_CONVERSION = YES;
				CLANG_WARN_DIRECT_OBJC_ISA_USAGE = YES_ERROR;
				CLANG_WARN_EMPTY_BODY = YES;
				CLANG_WARN_ENUM_CONVERSION = YES;
				CLANG_WARN_INT_CONVERSION = YES;
				CLANG_WARN_OBJC_ROOT_CLASS = YES_ERROR;
				CLANG_WARN_UNREACHABLE_CODE = YES;
				CLANG_WARN__DUPLICATE_METHOD_MATCH = YES;
				"CODE_SIGN_IDENTITY[sdk=iphoneos*]" = "iPhone Developer";
				COPY_PHASE_STRIP = NO;
				DEBUG_INFORMATION_FORMAT = "dwarf-with-dsym";
				ENABLE_STRICT_OBJC_MSGSEND = YES;
				GCC_C_LANGUAGE_STANDARD = gnu99;
				GCC_DYNAMIC_NO_PIC = NO;
				GCC_NO_COMMON_BLOCKS = YES;
				GCC_OPTIMIZATION_LEVEL = 0;
				GCC_PREPROCESSOR_DEFINITIONS = (
					"DEBUG=1",
					"$(inherited)",
				);
				GCC_SYMBOLS_PRIVATE_EXTERN = NO;
				GCC_WARN_64_TO_32_BIT_CONVERSION = YES;
				GCC_WARN_ABOUT_RETURN_TYPE = YES_ERROR;
				GCC_WARN_UNDECLARED_SELECTOR = YES;
				GCC_WARN_UNINITIALIZED_AUTOS = YES_AGGRESSIVE;
				GCC_WARN_UNUSED_FUNCTION = YES;
				GCC_WARN_UNUSED_VARIABLE = YES;
				IPHONEOS_DEPLOYMENT_TARGET = 8.4;
				MTL_ENABLE_DEBUG_INFO = YES;
				ONLY_ACTIVE_ARCH = YES;
				SDKROOT = iphoneos;
				SWIFT_OPTIMIZATION_LEVEL = "-Onone";
				TARGETED_DEVICE_FAMILY = "1,2";
			};
			name = Debug;
		};
		8D6E11DF1BC39AA300A42E0F /* Release */ = {
			isa = XCBuildConfiguration;
			buildSettings = {
				ALWAYS_SEARCH_USER_PATHS = NO;
				CLANG_CXX_LANGUAGE_STANDARD = "gnu++0x";
				CLANG_CXX_LIBRARY = "libc++";
				CLANG_ENABLE_MODULES = YES;
				CLANG_ENABLE_OBJC_ARC = YES;
				CLANG_WARN_BOOL_CONVERSION = YES;
				CLANG_WARN_CONSTANT_CONVERSION = YES;
				CLANG_WARN_DIRECT_OBJC_ISA_USAGE = YES_ERROR;
				CLANG_WARN_EMPTY_BODY = YES;
				CLANG_WARN_ENUM_CONVERSION = YES;
				CLANG_WARN_INT_CONVERSION = YES;
				CLANG_WARN_OBJC_ROOT_CLASS = YES_ERROR;
				CLANG_WARN_UNREACHABLE_CODE = YES;
				CLANG_WARN__DUPLICATE_METHOD_MATCH = YES;
				"CODE_SIGN_IDENTITY[sdk=iphoneos*]" = "iPhone Developer";
				COPY_PHASE_STRIP = NO;
				DEBUG_INFORMATION_FORMAT = "dwarf-with-dsym";
				ENABLE_NS_ASSERTIONS = NO;
				ENABLE_STRICT_OBJC_MSGSEND = YES;
				GCC_C_LANGUAGE_STANDARD = gnu99;
				GCC_NO_COMMON_BLOCKS = YES;
				GCC_WARN_64_TO_32_BIT_CONVERSION = YES;
				GCC_WARN_ABOUT_RETURN_TYPE = YES_ERROR;
				GCC_WARN_UNDECLARED_SELECTOR = YES;
				GCC_WARN_UNINITIALIZED_AUTOS = YES_AGGRESSIVE;
				GCC_WARN_UNUSED_FUNCTION = YES;
				GCC_WARN_UNUSED_VARIABLE = YES;
				IPHONEOS_DEPLOYMENT_TARGET = 8.4;
				MTL_ENABLE_DEBUG_INFO = NO;
				SDKROOT = iphoneos;
				TARGETED_DEVICE_FAMILY = "1,2";
				VALIDATE_PRODUCT = YES;
			};
			name = Release;
		};
		8D6E11E11BC39AA300A42E0F /* Debug */ = {
			isa = XCBuildConfiguration;
			baseConfigurationReference = 87C411A7885FB0B5B1F578B1 /* Pods-ShahrMa.debug.xcconfig */;
			buildSettings = {
				ASSETCATALOG_COMPILER_APPICON_NAME = AppIcon;
				CLANG_ENABLE_MODULES = YES;
				INFOPLIST_FILE = ShahrMa/Info.plist;
				IPHONEOS_DEPLOYMENT_TARGET = 8.0;
				LD_RUNPATH_SEARCH_PATHS = "$(inherited) @executable_path/Frameworks";
				PRODUCT_NAME = "$(TARGET_NAME)";
				SWIFT_OBJC_BRIDGING_HEADER = "ShahrMa/ShahrMa-Bridging-Header.h";
				SWIFT_OPTIMIZATION_LEVEL = "-Onone";
			};
			name = Debug;
		};
		8D6E11E21BC39AA300A42E0F /* Release */ = {
			isa = XCBuildConfiguration;
			baseConfigurationReference = DF5CF8F35B533AA9E06FC03D /* Pods-ShahrMa.release.xcconfig */;
			buildSettings = {
				ASSETCATALOG_COMPILER_APPICON_NAME = AppIcon;
				CLANG_ENABLE_MODULES = YES;
				INFOPLIST_FILE = ShahrMa/Info.plist;
				IPHONEOS_DEPLOYMENT_TARGET = 8.0;
				LD_RUNPATH_SEARCH_PATHS = "$(inherited) @executable_path/Frameworks";
				PRODUCT_NAME = "$(TARGET_NAME)";
				SWIFT_OBJC_BRIDGING_HEADER = "ShahrMa/ShahrMa-Bridging-Header.h";
			};
			name = Release;
		};
		8D6E11E41BC39AA300A42E0F /* Debug */ = {
			isa = XCBuildConfiguration;
			buildSettings = {
				BUNDLE_LOADER = "$(TEST_HOST)";
				FRAMEWORK_SEARCH_PATHS = (
					"$(SDKROOT)/Developer/Library/Frameworks",
					"$(inherited)",
				);
				GCC_PREPROCESSOR_DEFINITIONS = (
					"DEBUG=1",
					"$(inherited)",
				);
				INFOPLIST_FILE = ShahrMaTests/Info.plist;
				LD_RUNPATH_SEARCH_PATHS = "$(inherited) @executable_path/Frameworks @loader_path/Frameworks";
				PRODUCT_NAME = "$(TARGET_NAME)";
				TEST_HOST = "$(BUILT_PRODUCTS_DIR)/ShahrMa.app/ShahrMa";
			};
			name = Debug;
		};
		8D6E11E51BC39AA300A42E0F /* Release */ = {
			isa = XCBuildConfiguration;
			buildSettings = {
				BUNDLE_LOADER = "$(TEST_HOST)";
				FRAMEWORK_SEARCH_PATHS = (
					"$(SDKROOT)/Developer/Library/Frameworks",
					"$(inherited)",
				);
				INFOPLIST_FILE = ShahrMaTests/Info.plist;
				LD_RUNPATH_SEARCH_PATHS = "$(inherited) @executable_path/Frameworks @loader_path/Frameworks";
				PRODUCT_NAME = "$(TARGET_NAME)";
				TEST_HOST = "$(BUILT_PRODUCTS_DIR)/ShahrMa.app/ShahrMa";
			};
			name = Release;
		};
/* End XCBuildConfiguration section */

/* Begin XCConfigurationList section */
		8D6E11BC1BC39AA300A42E0F /* Build configuration list for PBXProject "ShahrMa" */ = {
			isa = XCConfigurationList;
			buildConfigurations = (
				8D6E11DE1BC39AA300A42E0F /* Debug */,
				8D6E11DF1BC39AA300A42E0F /* Release */,
			);
			defaultConfigurationIsVisible = 0;
			defaultConfigurationName = Release;
		};
		8D6E11E01BC39AA300A42E0F /* Build configuration list for PBXNativeTarget "ShahrMa" */ = {
			isa = XCConfigurationList;
			buildConfigurations = (
				8D6E11E11BC39AA300A42E0F /* Debug */,
				8D6E11E21BC39AA300A42E0F /* Release */,
			);
			defaultConfigurationIsVisible = 0;
			defaultConfigurationName = Release;
		};
		8D6E11E31BC39AA300A42E0F /* Build configuration list for PBXNativeTarget "ShahrMaTests" */ = {
			isa = XCConfigurationList;
			buildConfigurations = (
				8D6E11E41BC39AA300A42E0F /* Debug */,
				8D6E11E51BC39AA300A42E0F /* Release */,
			);
			defaultConfigurationIsVisible = 0;
			defaultConfigurationName = Release;
		};
/* End XCConfigurationList section */
	};
	rootObject = 8D6E11B91BC39AA300A42E0F /* Project object */;
}
